{
  "name": "artisbest",
  "version": "1.0.0",
  "lockfileVersion": 1,
  "dependencies": {
    "core-util-is": {
      "version": "1.0.2",
      "resolved": "https://registry.npmjs.org/core-util-is/-/core-util-is-1.0.2.tgz",
      "integrity": "sha1-tf1UIgqivFq1eqtxQMlAdUUDwac="
    },
    "csv": {
      "version": "1.1.1",
      "resolved": "https://registry.npmjs.org/csv/-/csv-1.1.1.tgz",
      "integrity": "sha1-2ZUtWbH5ZKevvN2ATWgYpzGZpHc="
    },
    "csv-generate": {
      "version": "1.0.0",
      "resolved": "https://registry.npmjs.org/csv-generate/-/csv-generate-1.0.0.tgz",
      "integrity": "sha1-vVKIaFnQySXz5R9g86vtJi+hXK8="
    },
    "csv-parse": {
      "version": "1.2.0",
      "resolved": "https://registry.npmjs.org/csv-parse/-/csv-parse-1.2.0.tgz",
      "integrity": "sha1-BHtzhoq5qFdG6IX2N/ntD7ZFpCU="
    },
    "csv-parser": {
      "version": "1.11.0",
      "resolved": "https://registry.npmjs.org/csv-parser/-/csv-parser-1.11.0.tgz",
      "integrity": "sha1-zZLD9JiVo8FZFZEDXL++a1HFWrE="
    },
    "csv-stringify": {
      "version": "1.0.4",
      "resolved": "https://registry.npmjs.org/csv-stringify/-/csv-stringify-1.0.4.tgz",
      "integrity": "sha1-vBi6ua1M7zGV/SV5gLWLR5xC0+U="
    },
    "generate-function": {
      "version": "1.1.0",
      "resolved": "https://registry.npmjs.org/generate-function/-/generate-function-1.1.0.tgz",
      "integrity": "sha1-VMIbCAGSsW2Yd3ecW7gWZudyNl8="
    },
    "generate-object-property": {
      "version": "1.2.0",
      "resolved": "https://registry.npmjs.org/generate-object-property/-/generate-object-property-1.2.0.tgz",
      "integrity": "sha1-nA4cQDCM6AT0eDYYuTf6iPmdUNA="
    },
    "inherits": {
      "version": "2.0.3",
      "resolved": "https://registry.npmjs.org/inherits/-/inherits-2.0.3.tgz",
      "integrity": "sha1-Yzwsg+PaQqUC9SRmAiSA9CCCYd4="
    },
    "is-property": {
      "version": "1.0.2",
      "resolved": "https://registry.npmjs.org/is-property/-/is-property-1.0.2.tgz",
      "integrity": "sha1-V/4cTkhHTt1lsJkR8msc1Ald2oQ="
    },
    "isarray": {
      "version": "1.0.0",
      "resolved": "https://registry.npmjs.org/isarray/-/isarray-1.0.0.tgz",
      "integrity": "sha1-u5NdSFgsuhaMBoNJV6VKPgcSTxE="
    },
    "json-stringify-safe": {
      "version": "5.0.1",
      "resolved": "https://registry.npmjs.org/json-stringify-safe/-/json-stringify-safe-5.0.1.tgz",
      "integrity": "sha1-Epai1Y/UXxmg9s4B1lcB4sc1tus="
    },
    "lodash.get": {
      "version": "4.4.2",
      "resolved": "https://registry.npmjs.org/lodash.get/-/lodash.get-4.4.2.tgz",
      "integrity": "sha1-LRd/ZS+jHpObRDjVNBSZ36OCXpk="
    },
    "minimist": {
      "version": "1.2.0",
      "resolved": "https://registry.npmjs.org/minimist/-/minimist-1.2.0.tgz",
      "integrity": "sha1-o1AIsg9BOD7sH7kU9M1d95omQoQ="
    },
    "ndjson": {
      "version": "1.5.0",
      "resolved": "https://registry.npmjs.org/ndjson/-/ndjson-1.5.0.tgz",
      "integrity": "sha1-rmA7NrE0vOw0e0UkIrC/mNWDLsg="
    },
    "process-nextick-args": {
      "version": "1.0.7",
      "resolved": "https://registry.npmjs.org/process-nextick-args/-/process-nextick-args-1.0.7.tgz",
      "integrity": "sha1-FQ4gt1ZZCtP5EJPyWk8q2L/zC6M="
    },
    "readable-stream": {
      "version": "2.2.10",
      "resolved": "https://registry.npmjs.org/readable-stream/-/readable-stream-2.2.10.tgz",
      "integrity": "sha512-HQEnnoV404e0EtwB9yNiuk2tJ+egeVC8Y9QBAxzDg8DBJt4BzRp+yQuIb/t3FIWkSTmIi+sgx7yVv/ZM0GNoqw=="
    },
    "safe-buffer": {
      "version": "5.0.1",
      "resolved": "https://registry.npmjs.org/safe-buffer/-/safe-buffer-5.0.1.tgz",
      "integrity": "sha1-0mPKVGls2KMGtcplUekt5XkY++c="
    },
    "split2": {
      "version": "2.1.1",
      "resolved": "https://registry.npmjs.org/split2/-/split2-2.1.1.tgz",
      "integrity": "sha1-eh9VHhdqkOzTNF9yRqDP4XXvT9A="
    },
    "stream-transform": {
      "version": "0.1.2",
      "resolved": "https://registry.npmjs.org/stream-transform/-/stream-transform-0.1.2.tgz",
      "integrity": "sha1-fY5rTgOsR4F3j4x5UXUBv7B2Kp8="
    },
    "string_decoder": {
      "version": "1.0.1",
      "resolved": "https://registry.npmjs.org/string_decoder/-/string_decoder-1.0.1.tgz",
      "integrity": "sha1-YuIA8DmVWmgQ2N8KM//A8BNmLZg="
    },
    "through2": {
      "version": "2.0.3",
      "resolved": "https://registry.npmjs.org/through2/-/through2-2.0.3.tgz",
      "integrity": "sha1-AARWmzfHx0ujnEPzzteNGtlBQL4="
    },
    "util-deprecate": {
      "version": "1.0.2",
      "resolved": "https://registry.npmjs.org/util-deprecate/-/util-deprecate-1.0.2.tgz",
      "integrity": "sha1-RQ1Nyfpw3nMnYvvS1KKJgUGaDM8="
    },
    "xtend": {
      "version": "4.0.1",
      "resolved": "https://registry.npmjs.org/xtend/-/xtend-4.0.1.tgz",
      "integrity": "sha1-pcbVMr5lbiPbgg77lDofBJmNY68="
    }
  }
}
